{
    "_readme": [
        "This file locks the dependencies of your project to a known state",
        "Read more about it at https://getcomposer.org/doc/01-basic-usage.md#installing-dependencies",
        "This file is @generated automatically"
    ],
    "content-hash": "dd1aff0d453323e520cca487ad7dd3a4",
    "packages": [
        {
            "name": "jjgrainger/posttypes",
            "version": "v2.2.1",
            "source": {
                "type": "git",
                "url": "https://github.com/jjgrainger/PostTypes.git",
                "reference": "2f20f628ec44404960df4b1ae5d623397a66aec1"
            },
            "dist": {
                "type": "zip",
                "url": "https://api.github.com/repos/jjgrainger/PostTypes/zipball/2f20f628ec44404960df4b1ae5d623397a66aec1",
                "reference": "2f20f628ec44404960df4b1ae5d623397a66aec1",
                "shasum": ""
            },
            "require": {
                "php": ">=7.2"
            },
            "require-dev": {
                "phpunit/phpunit": "^9.6",
                "squizlabs/php_codesniffer": "3.*"
            },
            "type": "library",
            "autoload": {
                "psr-4": {
                    "PostTypes\\": "src/"
                }
            },
            "notification-url": "https://packagist.org/downloads/",
            "license": [
                "MIT"
            ],
            "authors": [
                {
                    "name": "Joe Grainger",
                    "homepage": "https://jjgrainger.co.uk"
                }
            ],
            "description": "Simple WordPress custom post types.",
            "homepage": "https://posttypes.jjgrainger.co.uk",
            "keywords": [
                "post-types",
                "wordpress"
            ],
            "support": {
                "issues": "https://github.com/jjgrainger/posttypes/issues",
                "source": "https://github.com/jjgrainger/posttypes"
            },
            "time": "2024-10-13T17:23:48+00:00"
        }
    ],
    "packages-dev": [],
    "aliases": [],
    "minimum-stability": "stable",
    "stability-flags": {},
    "prefer-stable": false,
    "prefer-lowest": false,
    "platform": {},
    "platform-dev": {},
    "plugin-api-version": "2.6.0"
}
